// !$*UTF8*$!
{
	archiveVersion = 1;
	classes = {
	};
	objectVersion = 48;
	objects = {

/* Begin PBXBuildFile section */
		17D9AC4F20586BFD00D6EDEA /* AppDelegate.swift in Sources */ = {isa = PBXBuildFile; fileRef = 17D9AC4E20586BFD00D6EDEA /* AppDelegate.swift */; };
		17D9AC5120586BFD00D6EDEA /* ViewController.swift in Sources */ = {isa = PBXBuildFile; fileRef = 17D9AC5020586BFD00D6EDEA /* ViewController.swift */; };
		17D9AC5420586BFD00D6EDEA /* Main.storyboard in Resources */ = {isa = PBXBuildFile; fileRef = 17D9AC5220586BFD00D6EDEA /* Main.storyboard */; };
		17D9AC5620586BFD00D6EDEA /* Assets.xcassets in Resources */ = {isa = PBXBuildFile; fileRef = 17D9AC5520586BFD00D6EDEA /* Assets.xcassets */; };
		17D9AC5920586BFD00D6EDEA /* LaunchScreen.storyboard in Resources */ = {isa = PBXBuildFile; fileRef = 17D9AC5720586BFD00D6EDEA /* LaunchScreen.storyboard */; };
		17D9AC6120586C9C00D6EDEA /* art.scnassets in Resources */ = {isa = PBXBuildFile; fileRef = 17D9AC6020586C9C00D6EDEA /* art.scnassets */; };
/* End PBXBuildFile section */

/* Begin PBXFileReference section */
		17D9AC4B20586BFD00D6EDEA /* AR Puzzle.app */ = {isa = PBXFileReference; explicitFileType = wrapper.application; includeInIndex = 0; path = "AR Puzzle.app"; sourceTree = BUILT_PRODUCTS_DIR; };
		17D9AC4E20586BFD00D6EDEA /* AppDelegate.swift */ = {isa = PBXFileReference; lastKnownFileType = sourcecode.swift; path = AppDelegate.swift; sourceTree = "<group>"; };
		17D9AC5020586BFD00D6EDEA /* ViewController.swift */ = {isa = PBXFileReference; lastKnownFileType = sourcecode.swift; path = ViewController.swift; sourceTree = "<group>"; };
		17D9AC5320586BFD00D6EDEA /* Base */ = {isa = PBXFileReference; lastKnownFileType = file.storyboard; name = Base; path = Base.lproj/Main.storyboard; sourceTree = "<group>"; };
		17D9AC5520586BFD00D6EDEA /* Assets.xcassets */ = {isa = PBXFileReference; lastKnownFileType = folder.assetcatalog; path = Assets.xcassets; sourceTree = "<group>"; };
		17D9AC5820586BFD00D6EDEA /* Base */ = {isa = PBXFileReference; lastKnownFileType = file.storyboard; name = Base; path = Base.lproj/LaunchScreen.storyboard; sourceTree = "<group>"; };
		17D9AC5A20586BFD00D6EDEA /* Info.plist */ = {isa = PBXFileReference; lastKnownFileType = text.plist.xml; path = Info.plist; sourceTree = "<group>"; };
		17D9AC6020586C9C00D6EDEA /* art.scnassets */ = {isa = PBXFileReference; lastKnownFileType = wrapper.scnassets; path = art.scnassets; sourceTree = "<group>"; };
/* End PBXFileReference section */

/* Begin PBXFrameworksBuildPhase section */
		17D9AC4820586BFD00D6EDEA /* Frameworks */ = {
			isa = PBXFrameworksBuildPhase;
			buildActionMask = 2147483647;
			files = (
			);
			runOnlyForDeploymentPostprocessing = 0;
		};
/* End PBXFrameworksBuildPhase section */

/* Begin PBXGroup section */
		17D9AC4220586BFD00D6EDEA = {
			isa = PBXGroup;
			children = (
				17D9AC4D20586BFD00D6EDEA /* AR Puzzle */,
				17D9AC4C20586BFD00D6EDEA /* Products */,
			);
			sourceTree = "<group>";
		};
		17D9AC4C20586BFD00D6EDEA /* Products */ = {
			isa = PBXGroup;
			children = (
				17D9AC4B20586BFD00D6EDEA /* AR Puzzle.app */,
			);
			name = Products;
			sourceTree = "<group>";
		};
		17D9AC4D20586BFD00D6EDEA /* AR Puzzle */ = {
			isa = PBXGroup;
			children = (
				17D9AC4E20586BFD00D6EDEA /* AppDelegate.swift */,
				17D9AC5020586BFD00D6EDEA /* ViewController.swift */,
				17D9AC5220586BFD00D6EDEA /* Main.storyboard */,
				17D9AC5520586BFD00D6EDEA /* Assets.xcassets */,
				17D9AC6020586C9C00D6EDEA /* art.scnassets */,
				17D9AC5720586BFD00D6EDEA /* LaunchScreen.storyboard */,
				17D9AC5A20586BFD00D6EDEA /* Info.plist */,
			);
			path = "AR Puzzle";
			sourceTree = "<group>";
		};
/* End PBXGroup section */

/* Begin PBXNativeTarget section */
		17D9AC4A20586BFD00D6EDEA /* AR Puzzle */ = {
			isa = PBXNativeTarget;
			buildConfigurationList = 17D9AC5D20586BFD00D6EDEA /* Build configuration list for PBXNativeTarget "AR Puzzle" */;
			buildPhases = (
				17D9AC4720586BFD00D6EDEA /* Sources */,
				17D9AC4820586BFD00D6EDEA /* Frameworks */,
				17D9AC4920586BFD00D6EDEA /* Resources */,
			);
			buildRules = (
			);
			dependencies = (
			);
			name = "AR Puzzle";
			productName = "AR Puzzle";
			productReference = 17D9AC4B20586BFD00D6EDEA /* AR Puzzle.app */;
			productType = "com.apple.product-type.application";
		};
/* End PBXNativeTarget section */

/* Begin PBXProject section */
		17D9AC4320586BFD00D6EDEA /* Project object */ = {
			isa = PBXProject;
			attributes = {
				LastSwiftUpdateCheck = 0920;
				LastUpgradeCheck = 0920;
				ORGANIZATIONNAME = "Siyu Lei";
				TargetAttributes = {
					17D9AC4A20586BFD00D6EDEA = {
						CreatedOnToolsVersion = 9.2;
						ProvisioningStyle = Automatic;
					};
				};
			};
			buildConfigurationList = 17D9AC4620586BFD00D6EDEA /* Build configuration list for PBXProject "AR Puzzle" */;
			compatibilityVersion = "Xcode 8.0";
			developmentRegion = en;
			hasScannedForEncodings = 0;
			knownRegions = (
				en,
				Base,
			);
			mainGroup = 17D9AC4220586BFD00D6EDEA;
			productRefGroup = 17D9AC4C20586BFD00D6EDEA /* Products */;
			projectDirPath = "";
			projectRoot = "";
			targets = (
				17D9AC4A20586BFD00D6EDEA /* AR Puzzle */,
			);
		};
/* End PBXProject section */

/* Begin PBXResourcesBuildPhase section */
		17D9AC4920586BFD00D6EDEA /* Resources */ = {
			isa = PBXResourcesBuildPhase;
			buildActionMask = 2147483647;
			files = (
				17D9AC5920586BFD00D6EDEA /* LaunchScreen.storyboard in Resources */,
				17D9AC6120586C9C00D6EDEA /* art.scnassets in Resources */,
				17D9AC5620586BFD00D6EDEA /* Assets.xcassets in Resources */,
				17D9AC5420586BFD00D6EDEA /* Main.storyboard in Resources */,
			);
			runOnlyForDeploymentPostprocessing = 0;
		};
/* End PBXResourcesBuildPhase section */

/* Begin PBXSourcesBuildPhase section */
		17D9AC4720586BFD00D6EDEA /* Sources */ = {
			isa = PBXSourcesBuildPhase;
			buildActionMask = 2147483647;
			files = (
				17D9AC5120586BFD00D6EDEA /* ViewController.swift in Sources */,
				17D9AC4F20586BFD00D6EDEA /* AppDelegate.swift in Sources */,
			);
			runOnlyForDeploymentPostprocessing = 0;
		};
/* End PBXSourcesBuildPhase section */

/* Begin PBXVariantGroup section */
		17D9AC5220586BFD00D6EDEA /* Main.storyboard */ = {
			isa = PBXVariantGroup;
			children = (
				17D9AC5320586BFD00D6EDEA /* Base */,
			);
			name = Main.storyboard;
			sourceTree = "<group>";
		};
		17D9AC5720586BFD00D6EDEA /* LaunchScreen.storyboard */ = {
			isa = PBXVariantGroup;
			children = (
				17D9AC5820586BFD00D6EDEA /* Base */,
			);
			name = LaunchScreen.storyboard;
			sourceTree = "<group>";
		};
/* End PBXVariantGroup section */

/* Begin XCBuildConfiguration section */
		17D9AC5B20586BFD00D6EDEA /* Debug */ = {
			isa = XCBuildConfiguration;
			buildSettings = {
				ALWAYS_SEARCH_USER_PATHS = NO;
				CLANG_ANALYZER_NONNULL = YES;
				CLANG_ANALYZER_NUMBER_OBJECT_CONVERSION = YES_AGGRESSIVE;
				CLANG_CXX_LANGUAGE_STANDARD = "gnu++14";
				CLANG_CXX_LIBRARY = "libc++";
				CLANG_ENABLE_MODULES = YES;
				CLANG_ENABLE_OBJC_ARC = YES;
				CLANG_WARN_BLOCK_CAPTURE_AUTORELEASING = YES;
				CLANG_WARN_BOOL_CONVERSION = YES;
				CLANG_WARN_COMMA = YES;
				CLANG_WARN_CONSTANT_CONVERSION = YES;
				CLANG_WARN_DIRECT_OBJC_ISA_USAGE = YES_ERROR;
				CLANG_WARN_DOCUMENTATION_COMMENTS = YES;
				CLANG_WARN_EMPTY_BODY = YES;
				CLANG_WARN_ENUM_CONVERSION = YES;
				CLANG_WARN_INFINITE_RECURSION = YES;
				CLANG_WARN_INT_CONVERSION = YES;
				CLANG_WARN_NON_LITERAL_NULL_CONVERSION = YES;
				CLANG_WARN_OBJC_LITERAL_CONVERSION = YES;
				CLANG_WARN_OBJC_ROOT_CLASS = YES_ERROR;
				CLANG_WARN_RANGE_LOOP_ANALYSIS = YES;
				CLANG_WARN_STRICT_PROTOTYPES = YES;
				CLANG_WARN_SUSPICIOUS_MOVE = YES;
				CLANG_WARN_UNGUARDED_AVAILABILITY = YES_AGGRESSIVE;
				CLANG_WARN_UNREACHABLE_CODE = YES;
				CLANG_WARN__DUPLICATE_METHOD_MATCH = YES;
				CODE_SIGN_IDENTITY = "iPhone Developer";
				COPY_PHASE_STRIP = NO;
				DEBUG_INFORMATION_FORMAT = dwarf;
				ENABLE_STRICT_OBJC_MSGSEND = YES;
				ENABLE_TESTABILITY = YES;
				GCC_C_LANGUAGE_STANDARD = gnu11;
				GCC_DYNAMIC_NO_PIC = NO;
				GCC_NO_COMMON_BLOCKS = YES;
				GCC_OPTIMIZATION_LEVEL = 0;
				GCC_PREPROCESSOR_DEFINITIONS = (
					"DEBUG=1",
					"$(inherited)",
				);
				GCC_WARN_64_TO_32_BIT_CONVERSION = YES;
				GCC_WARN_ABOUT_RETURN_TYPE = YES_ERROR;
				GCC_WARN_UNDECLARED_SELECTOR = YES;
				GCC_WARN_UNINITIALIZED_AUTOS = YES_AGGRESSIVE;
				GCC_WARN_UNUSED_FUNCTION = YES;
				GCC_WARN_UNUSED_VARIABLE = YES;
				IPHONEOS_DEPLOYMENT_TARGET = 11.2;
				MTL_ENABLE_DEBUG_INFO = YES;
				ONLY_ACTIVE_ARCH = YES;
				SDKROOT = iphoneos;
				SWIFT_ACTIVE_COMPILATION_CONDITIONS = DEBUG;
				SWIFT_OPTIMIZATION_LEVEL = "-Onone";
			};
			name = Debug;
		};
		17D9AC5C20586BFD00D6EDEA /* Release */ = {
			isa = XCBuildConfiguration;
			buildSettings = {
				ALWAYS_SEARCH_USER_PATHS = NO;
				CLANG_ANALYZER_NONNULL = YES;
				CLANG_ANALYZER_NUMBER_OBJECT_CONVERSION = YES_AGGRESSIVE;
				CLANG_CXX_LANGUAGE_STANDARD = "gnu++14";
				CLANG_CXX_LIBRARY = "libc++";
				CLANG_ENABLE_MODULES = YES;
				CLANG_ENABLE_OBJC_ARC = YES;
				CLANG_WARN_BLOCK_CAPTURE_AUTORELEASING = YES;
				CLANG_WARN_BOOL_CONVERSION = YES;
				CLANG_WARN_COMMA = YES;
				CLANG_WARN_CONSTANT_CONVERSION = YES;
				CLANG_WARN_DIRECT_OBJC_ISA_USAGE = YES_ERROR;
				CLANG_WARN_DOCUMENTATION_COMMENTS = YES;
				CLANG_WARN_EMPTY_BODY = YES;
				CLANG_WARN_ENUM_CONVERSION = YES;
				CLANG_WARN_INFINITE_RECURSION = YES;
				CLANG_WARN_INT_CONVERSION = YES;
				CLANG_WARN_NON_LITERAL_NULL_CONVERSION = YES;
				CLANG_WARN_OBJC_LITERAL_CONVERSION = YES;
				CLANG_WARN_OBJC_ROOT_CLASS = YES_ERROR;
				CLANG_WARN_RANGE_LOOP_ANALYSIS = YES;
				CLANG_WARN_STRICT_PROTOTYPES = YES;
				CLANG_WARN_SUSPICIOUS_MOVE = YES;
				CLANG_WARN_UNGUARDED_AVAILABILITY = YES_AGGRESSIVE;
				CLANG_WARN_UNREACHABLE_CODE = YES;
				CLANG_WARN__DUPLICATE_METHOD_MATCH = YES;
				CODE_SIGN_IDENTITY = "iPhone Developer";
				COPY_PHASE_STRIP = NO;
				DEBUG_INFORMATION_FORMAT = "dwarf-with-dsym";
				ENABLE_NS_ASSERTIONS = NO;
				ENABLE_STRICT_OBJC_MSGSEND = YES;
				GCC_C_LANGUAGE_STANDARD = gnu11;
				GCC_NO_COMMON_BLOCKS = YES;
				GCC_WARN_64_TO_32_BIT_CONVERSION = YES;
				GCC_WARN_ABOUT_RETURN_TYPE = YES_ERROR;
				GCC_WARN_UNDECLARED_SELECTOR = YES;
				GCC_WARN_UNINITIALIZED_AUTOS = YES_AGGRESSIVE;
				GCC_WARN_UNUSED_FUNCTION = YES;
				GCC_WARN_UNUSED_VARIABLE = YES;
				IPHONEOS_DEPLOYMENT_TARGET = 11.2;
				MTL_ENABLE_DEBUG_INFO = NO;
				SDKROOT = iphoneos;
				SWIFT_OPTIMIZATION_LEVEL = "-Owholemodule";
				VALIDATE_PRODUCT = YES;
			};
			name = Release;
		};
		17D9AC5E20586BFD00D6EDEA /* Debug */ = {
			isa = XCBuildConfiguration;
			buildSettings = {
				ASSETCATALOG_COMPILER_APPICON_NAME = AppIcon;
				CODE_SIGN_STYLE = Automatic;
				DEVELOPMENT_TEAM = 3NGHFFS7WU;
				INFOPLIST_FILE = "AR Puzzle/Info.plist";
				LD_RUNPATH_SEARCH_PATHS = "$(inherited) @executable_path/Frameworks";
				PRODUCT_BUNDLE_IDENTIFIER = "lsy.AR-Puzzle";
				PRODUCT_NAME = "$(TARGET_NAME)";
				SWIFT_VERSION = 4.0;
				TARGETED_DEVICE_FAMILY = 1;
			};
			name = Debug;
		};
		17D9AC5F20586BFD00D6EDEA /* Release */ = {
			isa = XCBuildConfiguration;
			buildSettings = {
				ASSETCATALOG_COMPILER_APPICON_NAME = AppIcon;
				CODE_SIGN_STYLE = Automatic;
				DEVELOPMENT_TEAM = 3NGHFFS7WU;
				INFOPLIST_FILE = "AR Puzzle/Info.plist";
				LD_RUNPATH_SEARCH_PATHS = "$(inherited) @executable_path/Frameworks";
				PRODUCT_BUNDLE_IDENTIFIER = "lsy.AR-Puzzle";
				PRODUCT_NAME = "$(TARGET_NAME)";
				SWIFT_VERSION = 4.0;
				TARGETED_DEVICE_FAMILY = 1;
			};
			name = Release;
		};
/* End XCBuildConfiguration section */

/* Begin XCConfigurationList section */
		17D9AC4620586BFD00D6EDEA /* Build configuration list for PBXProject "AR Puzzle" */ = {
			isa = XCConfigurationList;
			buildConfigurations = (
				17D9AC5B20586BFD00D6EDEA /* Debug */,
				17D9AC5C20586BFD00D6EDEA /* Release */,
			);
			defaultConfigurationIsVisible = 0;
			defaultConfigurationName = Release;
		};
		17D9AC5D20586BFD00D6EDEA /* Build configuration list for PBXNativeTarget "AR Puzzle" */ = {
			isa = XCConfigurationList;
			buildConfigurations = (
				17D9AC5E20586BFD00D6EDEA /* Debug */,
				17D9AC5F20586BFD00D6EDEA /* Release */,
			);
			defaultConfigurationIsVisible = 0;
			defaultConfigurationName = Release;
		};
/* End XCConfigurationList section */
	};
	rootObject = 17D9AC4320586BFD00D6EDEA /* Project object */;
}
